
Microsoft Visual Studio Solution File, Format Version 12.00
# Visual Studio Version 17
VisualStudioVersion = 17.14.37012.4 d17.14
MinimumVisualStudioVersion = 10.0.40219.1
Project("{FAE04EC0-301F-11D3-BF4B-00C04F79EFBC}") = "Entity_Framework_CRUD1", "Entity_Framework_CRUD1.csproj", "{8155C927-3F21-43E0-8011-1044ADECB16F}"
EndProject
Global
	GlobalSection(SolutionConfigurationPlatforms) = preSolution
		Debug|Any CPU = Debug|Any CPU
		Release|Any CPU = Release|Any CPU
	EndGlobalSection
	GlobalSection(ProjectConfigurationPlatforms) = postSolution
		{8155C927-3F21-43E0-8011-1044ADECB16F}.Debug|Any CPU.ActiveCfg = Debug|Any CPU
		{8155C927-3F21-43E0-8011-1044ADECB16F}.Debug|Any CPU.Build.0 = Debug|Any CPU
		{8155C927-3F21-43E0-8011-1044ADECB16F}.Release|Any CPU.ActiveCfg = Release|Any CPU
		{8155C927-3F21-43E0-8011-1044ADECB16F}.Release|Any CPU.Build.0 = Release|Any CPU
	EndGlobalSection
	GlobalSection(SolutionProperties) = preSolution
		HideSolutionNode = FALSE
	EndGlobalSection
	GlobalSection(ExtensibilityGlobals) = postSolution
		SolutionGuid = {A1FA346C-90DB-4FE3-8484-3B6FE6999BE5}
	EndGlobalSection
EndGlobal
