
Microsoft Visual Studio Solution File, Format Version 12.00
# Visual Studio Version 17
VisualStudioVersion = 17.14.37012.4 d17.14
MinimumVisualStudioVersion = 10.0.40219.1
Project("{FAE04EC0-301F-11D3-BF4B-00C04F79EFBC}") = "EmployeeData_StoredProcedure_LINQ", "EmployeeData_StoredProcedure_LINQ.csproj", "{56E6EABE-3700-4872-99E7-862EB8C16AC0}"
EndProject
Global
	GlobalSection(SolutionConfigurationPlatforms) = preSolution
		Debug|Any CPU = Debug|Any CPU
		Release|Any CPU = Release|Any CPU
	EndGlobalSection
	GlobalSection(ProjectConfigurationPlatforms) = postSolution
		{56E6EABE-3700-4872-99E7-862EB8C16AC0}.Debug|Any CPU.ActiveCfg = Debug|Any CPU
		{56E6EABE-3700-4872-99E7-862EB8C16AC0}.Debug|Any CPU.Build.0 = Debug|Any CPU
		{56E6EABE-3700-4872-99E7-862EB8C16AC0}.Release|Any CPU.ActiveCfg = Release|Any CPU
		{56E6EABE-3700-4872-99E7-862EB8C16AC0}.Release|Any CPU.Build.0 = Release|Any CPU
	EndGlobalSection
	GlobalSection(SolutionProperties) = preSolution
		HideSolutionNode = FALSE
	EndGlobalSection
	GlobalSection(ExtensibilityGlobals) = postSolution
		SolutionGuid = {FEB9CA1E-C71E-4BD8-9FC7-7B85F7CA1B28}
	EndGlobalSection
EndGlobal
