
Microsoft Visual Studio Solution File, Format Version 12.00
# Visual Studio Version 17
VisualStudioVersion = 17.14.37012.4 d17.14
MinimumVisualStudioVersion = 10.0.40219.1
Project("{FAE04EC0-301F-11D3-BF4B-00C04F79EFBC}") = "WEB_API_DEMO_2", "WEB_API_DEMO_2.csproj", "{0FBE523F-8094-4162-8CCB-7DC71505A005}"
EndProject
Global
	GlobalSection(SolutionConfigurationPlatforms) = preSolution
		Debug|Any CPU = Debug|Any CPU
		Release|Any CPU = Release|Any CPU
	EndGlobalSection
	GlobalSection(ProjectConfigurationPlatforms) = postSolution
		{0FBE523F-8094-4162-8CCB-7DC71505A005}.Debug|Any CPU.ActiveCfg = Debug|Any CPU
		{0FBE523F-8094-4162-8CCB-7DC71505A005}.Debug|Any CPU.Build.0 = Debug|Any CPU
		{0FBE523F-8094-4162-8CCB-7DC71505A005}.Release|Any CPU.ActiveCfg = Release|Any CPU
		{0FBE523F-8094-4162-8CCB-7DC71505A005}.Release|Any CPU.Build.0 = Release|Any CPU
	EndGlobalSection
	GlobalSection(SolutionProperties) = preSolution
		HideSolutionNode = FALSE
	EndGlobalSection
	GlobalSection(ExtensibilityGlobals) = postSolution
		SolutionGuid = {BB33565E-5BC8-4D50-B182-B8D179FDEA8F}
	EndGlobalSection
EndGlobal
