
Microsoft Visual Studio Solution File, Format Version 12.00
# Visual Studio Version 17
VisualStudioVersion = 17.14.37012.4 d17.14
MinimumVisualStudioVersion = 10.0.40219.1
Project("{FAE04EC0-301F-11D3-BF4B-00C04F79EFBC}") = "LINQ_Database_DataRetrieve", "LINQ_Database_DataRetrieve.csproj", "{D76DE490-687E-48C8-B0BB-C136A09F2246}"
EndProject
Global
	GlobalSection(SolutionConfigurationPlatforms) = preSolution
		Debug|Any CPU = Debug|Any CPU
		Release|Any CPU = Release|Any CPU
	EndGlobalSection
	GlobalSection(ProjectConfigurationPlatforms) = postSolution
		{D76DE490-687E-48C8-B0BB-C136A09F2246}.Debug|Any CPU.ActiveCfg = Debug|Any CPU
		{D76DE490-687E-48C8-B0BB-C136A09F2246}.Debug|Any CPU.Build.0 = Debug|Any CPU
		{D76DE490-687E-48C8-B0BB-C136A09F2246}.Release|Any CPU.ActiveCfg = Release|Any CPU
		{D76DE490-687E-48C8-B0BB-C136A09F2246}.Release|Any CPU.Build.0 = Release|Any CPU
	EndGlobalSection
	GlobalSection(SolutionProperties) = preSolution
		HideSolutionNode = FALSE
	EndGlobalSection
	GlobalSection(ExtensibilityGlobals) = postSolution
		SolutionGuid = {C08FEFA0-7A3E-4CC3-8C40-13A8B2B4AF22}
	EndGlobalSection
EndGlobal
